// !$*UTF8*$!
{
	archiveVersion = 1;
	classes = {
	};
	objectVersion = 54;
	objects = {

/* Begin PBXBuildFile section */
		00E356F31AD99517003FC87E /* TrendTaxiTests.m in Sources */ = {isa = PBXBuildFile; fileRef = 00E356F21AD99517003FC87E /* TrendTaxiTests.m */; };
		014FBC12421D4C9FBA5E92FE /* Ionicons.ttf in Resources */ = {isa = PBXBuildFile; fileRef = 9CBD4A51703F47568A66D405 /* Ionicons.ttf */; };
		020CDE8049FA4AECA89EAD33 /* Foundation.ttf in Resources */ = {isa = PBXBuildFile; fileRef = A7F57B6AD42D4A4DA49B993C /* Foundation.ttf */; };
		037CDB657EE946ADAB0938FF /* Poppins-Bold.ttf in Resources */ = {isa = PBXBuildFile; fileRef = BCA04E6D1DC347C5A2C4BD24 /* Poppins-Bold.ttf */; };
		03903F422EC14C6D943EB48C /* Poppins-ExtraBoldItalic.ttf in Resources */ = {isa = PBXBuildFile; fileRef = CC282B0EA20846FB9660A4DA /* Poppins-ExtraBoldItalic.ttf */; };
		13B07FBC1A68108700A75B9A /* AppDelegate.mm in Sources */ = {isa = PBXBuildFile; fileRef = 13B07FB01A68108700A75B9A /* AppDelegate.mm */; };
		13B07FBF1A68108700A75B9A /* Images.xcassets in Resources */ = {isa = PBXBuildFile; fileRef = 13B07FB51A68108700A75B9A /* Images.xcassets */; };
		13B07FC11A68108700A75B9A /* main.m in Sources */ = {isa = PBXBuildFile; fileRef = 13B07FB71A68108700A75B9A /* main.m */; };
		210DD491DF5B4650AFB55EE2 /* Poppins-ExtraLightItalic.ttf in Resources */ = {isa = PBXBuildFile; fileRef = 0A7B6DB8B47E44E89018AD9E /* Poppins-ExtraLightItalic.ttf */; };
		22E42C7521114B019A8700BF /* Roboto-Thin.ttf in Resources */ = {isa = PBXBuildFile; fileRef = 3D9B64CB971F4C488E38419A /* Roboto-Thin.ttf */; };
		253E994767F147588DEBD2A3 /* FontAwesome.ttf in Resources */ = {isa = PBXBuildFile; fileRef = 4369A9C8126048F08082989E /* FontAwesome.ttf */; };
		2572CC3CF206400FA3DC1AE5 /* Poppins-BoldItalic.ttf in Resources */ = {isa = PBXBuildFile; fileRef = 86B19981FCF54F43A9624A1B /* Poppins-BoldItalic.ttf */; };
		2B4C69F136484849BA035034 /* Poppins-Light.ttf in Resources */ = {isa = PBXBuildFile; fileRef = 4DF05F62E62C4494A6E2329B /* Poppins-Light.ttf */; };
		40B80A7520DB4F62ACC2202A /* Roboto-Medium.ttf in Resources */ = {isa = PBXBuildFile; fileRef = 85725AFAD6BC409783EC0CB7 /* Roboto-Medium.ttf */; };
		4114E768DCCA49DB828A93FE /* Roboto-LightItalic.ttf in Resources */ = {isa = PBXBuildFile; fileRef = 501FD77235334F9590C765F6 /* Roboto-LightItalic.ttf */; };
		4356307A6F334F77AD07515F /* FontAwesome5_Regular.ttf in Resources */ = {isa = PBXBuildFile; fileRef = DA4AD34AB5CA4B6485BB32E9 /* FontAwesome5_Regular.ttf */; };
		43FEA8620F5A491AA0DDD1A8 /* Poppins-SemiBoldItalic.ttf in Resources */ = {isa = PBXBuildFile; fileRef = 5EF0FA847A0E44F7805C222D /* Poppins-SemiBoldItalic.ttf */; };
		442ADF45C2C24E98A16A51C8 /* Poppins-LightItalic.ttf in Resources */ = {isa = PBXBuildFile; fileRef = D8ABC00A69C44F95824A6CF8 /* Poppins-LightItalic.ttf */; };
		44EC76CED9374757AF5D3304 /* Roboto-Bold.ttf in Resources */ = {isa = PBXBuildFile; fileRef = A40E24E5261D42588A228467 /* Roboto-Bold.ttf */; };
		49AA6D7F8DB647559D80E23D /* Roboto-Light.ttf in Resources */ = {isa = PBXBuildFile; fileRef = F3687FC756E84E0D9A883584 /* Roboto-Light.ttf */; };
		51B54173338749A4A755400C /* SimpleLineIcons.ttf in Resources */ = {isa = PBXBuildFile; fileRef = 7ED1CB16738A459481FA7048 /* SimpleLineIcons.ttf */; };
		55D18D54312E4BED885330BA /* Zocial.ttf in Resources */ = {isa = PBXBuildFile; fileRef = 43AB2C5AD5E040C4A86AD86E /* Zocial.ttf */; };
		5D1659516E11454F96DAAC83 /* Poppins-Regular.ttf in Resources */ = {isa = PBXBuildFile; fileRef = 7B3EA33C1D5A4B6CA8B64EFE /* Poppins-Regular.ttf */; };
		600BDAD2E78E4B34BC78D387 /* Poppins-ThinItalic.ttf in Resources */ = {isa = PBXBuildFile; fileRef = B03E4BF2B76D4C9BB277B9DA /* Poppins-ThinItalic.ttf */; };
		60F5F4074D4A4897BFCB35D6 /* Poppins-MediumItalic.ttf in Resources */ = {isa = PBXBuildFile; fileRef = 7FCDC414E7FB4F40A328F9E2 /* Poppins-MediumItalic.ttf */; };
		7163D41A76C14206AA15864D /* Poppins-Thin.ttf in Resources */ = {isa = PBXBuildFile; fileRef = 84D2CB08B20042B396527626 /* Poppins-Thin.ttf */; };
		738D6570A92AAF186E7927A1 /* libPods-TrendTaxi-TrendTaxiTests.a in Frameworks */ = {isa = PBXBuildFile; fileRef = D176929338F24D8B767A370C /* libPods-TrendTaxi-TrendTaxiTests.a */; };
		7FE1B36C5DFC9CC41A434BA1 /* libPods-TrendTaxi.a in Frameworks */ = {isa = PBXBuildFile; fileRef = 91DC64B69F6AB7CD5782D62E /* libPods-TrendTaxi.a */; };
		81AB9BB82411601600AC10FF /* LaunchScreen.storyboard in Resources */ = {isa = PBXBuildFile; fileRef = 81AB9BB72411601600AC10FF /* LaunchScreen.storyboard */; };
		8C800139511646C4A1A4B9D3 /* Roboto-MediumItalic.ttf in Resources */ = {isa = PBXBuildFile; fileRef = DA6475DB1F4B4AB787097641 /* Roboto-MediumItalic.ttf */; };
		90F2B3AC623C4F4DB2882D60 /* Roboto-BoldItalic.ttf in Resources */ = {isa = PBXBuildFile; fileRef = BDC94EEF759B46948221BFD4 /* Roboto-BoldItalic.ttf */; };
		95ACA58A57604F89A7CFBB55 /* Roboto-Italic.ttf in Resources */ = {isa = PBXBuildFile; fileRef = 16227611B02A4167BDD78B72 /* Roboto-Italic.ttf */; };
		98F467B0DC9A44349ABA9257 /* Roboto-Regular.ttf in Resources */ = {isa = PBXBuildFile; fileRef = 942B2FB97A17408D9460DCA9 /* Roboto-Regular.ttf */; };
		990FB7C628DC624400D00A41 /* GoogleService-Info.plist in Resources */ = {isa = PBXBuildFile; fileRef = 990FB7C528DC624400D00A41 /* GoogleService-Info.plist */; };
		990FB7C728DC624400D00A41 /* GoogleService-Info.plist in Resources */ = {isa = PBXBuildFile; fileRef = 990FB7C528DC624400D00A41 /* GoogleService-Info.plist */; };
		993A218428DB99DD00347F72 /* ses-14.mp3 in Resources */ = {isa = PBXBuildFile; fileRef = 993A218328DB99DD00347F72 /* ses-14.mp3 */; };
		9949E7A728DB4E990022967F /* not.mp3 in Resources */ = {isa = PBXBuildFile; fileRef = 9949E7A628DB4E990022967F /* not.mp3 */; };
		9949E7A928DB68410022967F /* not2.mp3 in Resources */ = {isa = PBXBuildFile; fileRef = 9949E7A828DB68400022967F /* not2.mp3 */; };
		9969E5FF286495D500AF23D5 /* Poppins-Black.ttf in Resources */ = {isa = PBXBuildFile; fileRef = 9969E5FE286495D500AF23D5 /* Poppins-Black.ttf */; };
		A9B361437AB04098925E3789 /* Poppins-SemiBold.ttf in Resources */ = {isa = PBXBuildFile; fileRef = 13CB1F39D78B431899846B5A /* Poppins-SemiBold.ttf */; };
		AA537094929F44D2B30FCF4C /* EvilIcons.ttf in Resources */ = {isa = PBXBuildFile; fileRef = B89E28E9B60C496FA90792C6 /* EvilIcons.ttf */; };
		AEF46F4FD14140AFBBF042A2 /* Poppins-BlackItalic.ttf in Resources */ = {isa = PBXBuildFile; fileRef = 191C2FD0ECC2494797572C12 /* Poppins-BlackItalic.ttf */; };
		BD9B0E2FB6AF40A1AE516859 /* Octicons.ttf in Resources */ = {isa = PBXBuildFile; fileRef = 41B4917105FD4781820C4455 /* Octicons.ttf */; };
		C8E18585143640A1A825AB89 /* Feather.ttf in Resources */ = {isa = PBXBuildFile; fileRef = 8A5033B441C14B4CB5A89C78 /* Feather.ttf */; };
		C933FE7317014D61B3FA5BB7 /* Entypo.ttf in Resources */ = {isa = PBXBuildFile; fileRef = 698483CF3EC64A88B8AC51AA /* Entypo.ttf */; };
		CCD47C437ED746E9935BEE5F /* Fontisto.ttf in Resources */ = {isa = PBXBuildFile; fileRef = 6C45A0C1F0874D99A5774C7E /* Fontisto.ttf */; };
		D2806A7056B049E38C556ADA /* FontAwesome5_Solid.ttf in Resources */ = {isa = PBXBuildFile; fileRef = A7EEC9070D9D4EBF9163C065 /* FontAwesome5_Solid.ttf */; };
		D34C962F22FD4C1F8D39AF99 /* MaterialCommunityIcons.ttf in Resources */ = {isa = PBXBuildFile; fileRef = 5ECAC89CB635411CB7B5C9E4 /* MaterialCommunityIcons.ttf */; };
		D70319C821CE469D941535A5 /* FontAwesome5_Brands.ttf in Resources */ = {isa = PBXBuildFile; fileRef = C28FCCA9EC6340ECB437E301 /* FontAwesome5_Brands.ttf */; };
		D88741614C934F92AFA503CE /* Roboto-BlackItalic.ttf in Resources */ = {isa = PBXBuildFile; fileRef = 8AB7FBFDF20B4B54946DDDEB /* Roboto-BlackItalic.ttf */; };
		DFF0B74867D6448FBDAB1A59 /* Poppins-ExtraBold.ttf in Resources */ = {isa = PBXBuildFile; fileRef = 079C18849CA94988BADD1E09 /* Poppins-ExtraBold.ttf */; };
		EC165B096B52411B860E54C4 /* Poppins-Italic.ttf in Resources */ = {isa = PBXBuildFile; fileRef = ADBAC4C7C19D44B9B4A446A3 /* Poppins-Italic.ttf */; };
		ED411228B1CE4091906223B3 /* AntDesign.ttf in Resources */ = {isa = PBXBuildFile; fileRef = F85C02C887044ADA8F3708FE /* AntDesign.ttf */; };
		F668530E6885434799F583CB /* Roboto-ThinItalic.ttf in Resources */ = {isa = PBXBuildFile; fileRef = 1896FE747E76407D8F225026 /* Roboto-ThinItalic.ttf */; };
		F8BABB3C1D1543139E48729A /* MaterialIcons.ttf in Resources */ = {isa = PBXBuildFile; fileRef = 8AFFD04D250F44D3A05EA6A3 /* MaterialIcons.ttf */; };
		F9447EF3D40744178E7C83C0 /* Poppins-ExtraLight.ttf in Resources */ = {isa = PBXBuildFile; fileRef = 45D55F71A1934DE79272C846 /* Poppins-ExtraLight.ttf */; };
		FCC09A56F2CE42B6884759D6 /* Roboto-Black.ttf in Resources */ = {isa = PBXBuildFile; fileRef = F4AB67D1EBD847F0938741D4 /* Roboto-Black.ttf */; };
		FFFE7ED4BABF46A6B1122CE2 /* Poppins-Medium.ttf in Resources */ = {isa = PBXBuildFile; fileRef = D9AA112160EF41D294D193B7 /* Poppins-Medium.ttf */; };
/* End PBXBuildFile section */

/* Begin PBXContainerItemProxy section */
		00E356F41AD99517003FC87E /* PBXContainerItemProxy */ = {
			isa = PBXContainerItemProxy;
			containerPortal = 83CBB9F71A601CBA00E9B192 /* Project object */;
			proxyType = 1;
			remoteGlobalIDString = 13B07F861A680F5B00A75B9A;
			remoteInfo = TrendTaxi;
		};
/* End PBXContainerItemProxy section */

/* Begin PBXFileReference section */
		00E356EE1AD99517003FC87E /* TrendTaxiTests.xctest */ = {isa = PBXFileReference; explicitFileType = wrapper.cfbundle; includeInIndex = 0; path = TrendTaxiTests.xctest; sourceTree = BUILT_PRODUCTS_DIR; };
		00E356F11AD99517003FC87E /* Info.plist */ = {isa = PBXFileReference; lastKnownFileType = text.plist.xml; path = Info.plist; sourceTree = "<group>"; };
		00E356F21AD99517003FC87E /* TrendTaxiTests.m */ = {isa = PBXFileReference; lastKnownFileType = sourcecode.c.objc; path = TrendTaxiTests.m; sourceTree = "<group>"; };
		079C18849CA94988BADD1E09 /* Poppins-ExtraBold.ttf */ = {isa = PBXFileReference; explicitFileType = undefined; fileEncoding = 9; includeInIndex = 0; lastKnownFileType = unknown; name = "Poppins-ExtraBold.ttf"; path = "../src/assets/fonts/Poppins-ExtraBold.ttf"; sourceTree = "<group>"; };
		0A7B6DB8B47E44E89018AD9E /* Poppins-ExtraLightItalic.ttf */ = {isa = PBXFileReference; explicitFileType = undefined; fileEncoding = 9; includeInIndex = 0; lastKnownFileType = unknown; name = "Poppins-ExtraLightItalic.ttf"; path = "../src/assets/fonts/Poppins-ExtraLightItalic.ttf"; sourceTree = "<group>"; };
		13B07F961A680F5B00A75B9A /* TrendTaxi.app */ = {isa = PBXFileReference; explicitFileType = wrapper.application; includeInIndex = 0; path = TrendTaxi.app; sourceTree = BUILT_PRODUCTS_DIR; };
		13B07FAF1A68108700A75B9A /* AppDelegate.h */ = {isa = PBXFileReference; fileEncoding = 4; lastKnownFileType = sourcecode.c.h; name = AppDelegate.h; path = TrendTaxi/AppDelegate.h; sourceTree = "<group>"; };
		13B07FB01A68108700A75B9A /* AppDelegate.mm */ = {isa = PBXFileReference; fileEncoding = 4; lastKnownFileType = sourcecode.cpp.objcpp; name = AppDelegate.mm; path = TrendTaxi/AppDelegate.mm; sourceTree = "<group>"; };
		13B07FB51A68108700A75B9A /* Images.xcassets */ = {isa = PBXFileReference; lastKnownFileType = folder.assetcatalog; name = Images.xcassets; path = TrendTaxi/Images.xcassets; sourceTree = "<group>"; };
		13B07FB61A68108700A75B9A /* Info.plist */ = {isa = PBXFileReference; fileEncoding = 4; lastKnownFileType = text.plist.xml; name = Info.plist; path = TrendTaxi/Info.plist; sourceTree = "<group>"; };
		13B07FB71A68108700A75B9A /* main.m */ = {isa = PBXFileReference; fileEncoding = 4; lastKnownFileType = sourcecode.c.objc; name = main.m; path = TrendTaxi/main.m; sourceTree = "<group>"; };
		13CB1F39D78B431899846B5A /* Poppins-SemiBold.ttf */ = {isa = PBXFileReference; explicitFileType = undefined; fileEncoding = 9; includeInIndex = 0; lastKnownFileType = unknown; name = "Poppins-SemiBold.ttf"; path = "../src/assets/fonts/Poppins-SemiBold.ttf"; sourceTree = "<group>"; };
		16227611B02A4167BDD78B72 /* Roboto-Italic.ttf */ = {isa = PBXFileReference; explicitFileType = undefined; fileEncoding = 9; includeInIndex = 0; lastKnownFileType = unknown; name = "Roboto-Italic.ttf"; path = "../src/assets/fonts/Roboto-Italic.ttf"; sourceTree = "<group>"; };
		1896FE747E76407D8F225026 /* Roboto-ThinItalic.ttf */ = {isa = PBXFileReference; explicitFileType = undefined; fileEncoding = 9; includeInIndex = 0; lastKnownFileType = unknown; name = "Roboto-ThinItalic.ttf"; path = "../src/assets/fonts/Roboto-ThinItalic.ttf"; sourceTree = "<group>"; };
		191C2FD0ECC2494797572C12 /* Poppins-BlackItalic.ttf */ = {isa = PBXFileReference; explicitFileType = undefined; fileEncoding = 9; includeInIndex = 0; lastKnownFileType = unknown; name = "Poppins-BlackItalic.ttf"; path = "../src/assets/fonts/Poppins-BlackItalic.ttf"; sourceTree = "<group>"; };
		3D9B64CB971F4C488E38419A /* Roboto-Thin.ttf */ = {isa = PBXFileReference; explicitFileType = undefined; fileEncoding = 9; includeInIndex = 0; lastKnownFileType = unknown; name = "Roboto-Thin.ttf"; path = "../src/assets/fonts/Roboto-Thin.ttf"; sourceTree = "<group>"; };
		41B4917105FD4781820C4455 /* Octicons.ttf */ = {isa = PBXFileReference; explicitFileType = undefined; fileEncoding = 9; includeInIndex = 0; lastKnownFileType = unknown; name = Octicons.ttf; path = ../src/assets/fonts/Octicons.ttf; sourceTree = "<group>"; };
		4369A9C8126048F08082989E /* FontAwesome.ttf */ = {isa = PBXFileReference; explicitFileType = undefined; fileEncoding = 9; includeInIndex = 0; lastKnownFileType = unknown; name = FontAwesome.ttf; path = ../src/assets/fonts/FontAwesome.ttf; sourceTree = "<group>"; };
		43AB2C5AD5E040C4A86AD86E /* Zocial.ttf */ = {isa = PBXFileReference; explicitFileType = undefined; fileEncoding = 9; includeInIndex = 0; lastKnownFileType = unknown; name = Zocial.ttf; path = ../src/assets/fonts/Zocial.ttf; sourceTree = "<group>"; };
		45D55F71A1934DE79272C846 /* Poppins-ExtraLight.ttf */ = {isa = PBXFileReference; explicitFileType = undefined; fileEncoding = 9; includeInIndex = 0; lastKnownFileType = unknown; name = "Poppins-ExtraLight.ttf"; path = "../src/assets/fonts/Poppins-ExtraLight.ttf"; sourceTree = "<group>"; };
		4DF05F62E62C4494A6E2329B /* Poppins-Light.ttf */ = {isa = PBXFileReference; explicitFileType = undefined; fileEncoding = 9; includeInIndex = 0; lastKnownFileType = unknown; name = "Poppins-Light.ttf"; path = "../src/assets/fonts/Poppins-Light.ttf"; sourceTree = "<group>"; };
		501FD77235334F9590C765F6 /* Roboto-LightItalic.ttf */ = {isa = PBXFileReference; explicitFileType = undefined; fileEncoding = 9; includeInIndex = 0; lastKnownFileType = unknown; name = "Roboto-LightItalic.ttf"; path = "../src/assets/fonts/Roboto-LightItalic.ttf"; sourceTree = "<group>"; };
		5ECAC89CB635411CB7B5C9E4 /* MaterialCommunityIcons.ttf */ = {isa = PBXFileReference; explicitFileType = undefined; fileEncoding = 9; includeInIndex = 0; lastKnownFileType = unknown; name = MaterialCommunityIcons.ttf; path = ../src/assets/fonts/MaterialCommunityIcons.ttf; sourceTree = "<group>"; };
		5EF0FA847A0E44F7805C222D /* Poppins-SemiBoldItalic.ttf */ = {isa = PBXFileReference; explicitFileType = undefined; fileEncoding = 9; includeInIndex = 0; lastKnownFileType = unknown; name = "Poppins-SemiBoldItalic.ttf"; path = "../src/assets/fonts/Poppins-SemiBoldItalic.ttf"; sourceTree = "<group>"; };
		611AAC4F7F5468803885F2E0 /* Pods-TrendTaxi.debug.xcconfig */ = {isa = PBXFileReference; includeInIndex = 1; lastKnownFileType = text.xcconfig; name = "Pods-TrendTaxi.debug.xcconfig"; path = "Target Support Files/Pods-TrendTaxi/Pods-TrendTaxi.debug.xcconfig"; sourceTree = "<group>"; };
		698483CF3EC64A88B8AC51AA /* Entypo.ttf */ = {isa = PBXFileReference; explicitFileType = undefined; fileEncoding = 9; includeInIndex = 0; lastKnownFileType = unknown; name = Entypo.ttf; path = ../src/assets/fonts/Entypo.ttf; sourceTree = "<group>"; };
		6C45A0C1F0874D99A5774C7E /* Fontisto.ttf */ = {isa = PBXFileReference; explicitFileType = undefined; fileEncoding = 9; includeInIndex = 0; lastKnownFileType = unknown; name = Fontisto.ttf; path = ../src/assets/fonts/Fontisto.ttf; sourceTree = "<group>"; };
		7B3EA33C1D5A4B6CA8B64EFE /* Poppins-Regular.ttf */ = {isa = PBXFileReference; explicitFileType = undefined; fileEncoding = 9; includeInIndex = 0; lastKnownFileType = unknown; name = "Poppins-Regular.ttf"; path = "../src/assets/fonts/Poppins-Regular.ttf"; sourceTree = "<group>"; };
		7E533A18572E14626D07B26A /* Pods-TrendTaxi-TrendTaxiTests.debug.xcconfig */ = {isa = PBXFileReference; includeInIndex = 1; lastKnownFileType = text.xcconfig; name = "Pods-TrendTaxi-TrendTaxiTests.debug.xcconfig"; path = "Target Support Files/Pods-TrendTaxi-TrendTaxiTests/Pods-TrendTaxi-TrendTaxiTests.debug.xcconfig"; sourceTree = "<group>"; };
		7ED1CB16738A459481FA7048 /* SimpleLineIcons.ttf */ = {isa = PBXFileReference; explicitFileType = undefined; fileEncoding = 9; includeInIndex = 0; lastKnownFileType = unknown; name = SimpleLineIcons.ttf; path = ../src/assets/fonts/SimpleLineIcons.ttf; sourceTree = "<group>"; };
		7FCDC414E7FB4F40A328F9E2 /* Poppins-MediumItalic.ttf */ = {isa = PBXFileReference; explicitFileType = undefined; fileEncoding = 9; includeInIndex = 0; lastKnownFileType = unknown; name = "Poppins-MediumItalic.ttf"; path = "../src/assets/fonts/Poppins-MediumItalic.ttf"; sourceTree = "<group>"; };
		81AB9BB72411601600AC10FF /* LaunchScreen.storyboard */ = {isa = PBXFileReference; fileEncoding = 4; lastKnownFileType = file.storyboard; name = LaunchScreen.storyboard; path = TrendTaxi/LaunchScreen.storyboard; sourceTree = "<group>"; };
		84D2CB08B20042B396527626 /* Poppins-Thin.ttf */ = {isa = PBXFileReference; explicitFileType = undefined; fileEncoding = 9; includeInIndex = 0; lastKnownFileType = unknown; name = "Poppins-Thin.ttf"; path = "../src/assets/fonts/Poppins-Thin.ttf"; sourceTree = "<group>"; };
		85725AFAD6BC409783EC0CB7 /* Roboto-Medium.ttf */ = {isa = PBXFileReference; explicitFileType = undefined; fileEncoding = 9; includeInIndex = 0; lastKnownFileType = unknown; name = "Roboto-Medium.ttf"; path = "../src/assets/fonts/Roboto-Medium.ttf"; sourceTree = "<group>"; };
		86B19981FCF54F43A9624A1B /* Poppins-BoldItalic.ttf */ = {isa = PBXFileReference; explicitFileType = undefined; fileEncoding = 9; includeInIndex = 0; lastKnownFileType = unknown; name = "Poppins-BoldItalic.ttf"; path = "../src/assets/fonts/Poppins-BoldItalic.ttf"; sourceTree = "<group>"; };
		895D4AC2846B1111AAB31C92 /* Pods-TrendTaxi-TrendTaxiTests.release.xcconfig */ = {isa = PBXFileReference; includeInIndex = 1; lastKnownFileType = text.xcconfig; name = "Pods-TrendTaxi-TrendTaxiTests.release.xcconfig"; path = "Target Support Files/Pods-TrendTaxi-TrendTaxiTests/Pods-TrendTaxi-TrendTaxiTests.release.xcconfig"; sourceTree = "<group>"; };
		8A5033B441C14B4CB5A89C78 /* Feather.ttf */ = {isa = PBXFileReference; explicitFileType = undefined; fileEncoding = 9; includeInIndex = 0; lastKnownFileType = unknown; name = Feather.ttf; path = ../src/assets/fonts/Feather.ttf; sourceTree = "<group>"; };
		8AB7FBFDF20B4B54946DDDEB /* Roboto-BlackItalic.ttf */ = {isa = PBXFileReference; explicitFileType = undefined; fileEncoding = 9; includeInIndex = 0; lastKnownFileType = unknown; name = "Roboto-BlackItalic.ttf"; path = "../src/assets/fonts/Roboto-BlackItalic.ttf"; sourceTree = "<group>"; };
		8AFFD04D250F44D3A05EA6A3 /* MaterialIcons.ttf */ = {isa = PBXFileReference; explicitFileType = undefined; fileEncoding = 9; includeInIndex = 0; lastKnownFileType = unknown; name = MaterialIcons.ttf; path = ../src/assets/fonts/MaterialIcons.ttf; sourceTree = "<group>"; };
		91DC64B69F6AB7CD5782D62E /* libPods-TrendTaxi.a */ = {isa = PBXFileReference; explicitFileType = archive.ar; includeInIndex = 0; path = "libPods-TrendTaxi.a"; sourceTree = BUILT_PRODUCTS_DIR; };
		942B2FB97A17408D9460DCA9 /* Roboto-Regular.ttf */ = {isa = PBXFileReference; explicitFileType = undefined; fileEncoding = 9; includeInIndex = 0; lastKnownFileType = unknown; name = "Roboto-Regular.ttf"; path = "../src/assets/fonts/Roboto-Regular.ttf"; sourceTree = "<group>"; };
		990FB7C528DC624400D00A41 /* GoogleService-Info.plist */ = {isa = PBXFileReference; fileEncoding = 4; lastKnownFileType = text.plist.xml; name = "GoogleService-Info.plist"; path = "../../../Downloads/GoogleService-Info.plist"; sourceTree = "<group>"; };
		993A218328DB99DD00347F72 /* ses-14.mp3 */ = {isa = PBXFileReference; lastKnownFileType = audio.mp3; path = "ses-14.mp3"; sourceTree = "<group>"; };
		9949E7A628DB4E990022967F /* not.mp3 */ = {isa = PBXFileReference; lastKnownFileType = audio.mp3; name = not.mp3; path = ../android/app/src/main/res/raw/not.mp3; sourceTree = "<group>"; };
		9949E7A828DB68400022967F /* not2.mp3 */ = {isa = PBXFileReference; lastKnownFileType = audio.mp3; path = not2.mp3; sourceTree = "<group>"; };
		995DB5D728DCBAA00066D32D /* TrendTaxi.entitlements */ = {isa = PBXFileReference; lastKnownFileType = text.plist.entitlements; name = TrendTaxi.entitlements; path = TrendTaxi/TrendTaxi.entitlements; sourceTree = "<group>"; };
		9969E5FB2864956900AF23D5 /* Poppins-Black.ttf */ = {isa = PBXFileReference; lastKnownFileType = file; name = "Poppins-Black.ttf"; path = "../src/assets/fonts/Poppins-Black.ttf"; sourceTree = "<group>"; };
		9969E5FE286495D500AF23D5 /* Poppins-Black.ttf */ = {isa = PBXFileReference; lastKnownFileType = file; path = "Poppins-Black.ttf"; sourceTree = "<group>"; };
		9CBD4A51703F47568A66D405 /* Ionicons.ttf */ = {isa = PBXFileReference; explicitFileType = undefined; fileEncoding = 9; includeInIndex = 0; lastKnownFileType = unknown; name = Ionicons.ttf; path = ../src/assets/fonts/Ionicons.ttf; sourceTree = "<group>"; };
		A40E24E5261D42588A228467 /* Roboto-Bold.ttf */ = {isa = PBXFileReference; explicitFileType = undefined; fileEncoding = 9; includeInIndex = 0; lastKnownFileType = unknown; name = "Roboto-Bold.ttf"; path = "../src/assets/fonts/Roboto-Bold.ttf"; sourceTree = "<group>"; };
		A7EEC9070D9D4EBF9163C065 /* FontAwesome5_Solid.ttf */ = {isa = PBXFileReference; explicitFileType = undefined; fileEncoding = 9; includeInIndex = 0; lastKnownFileType = unknown; name = FontAwesome5_Solid.ttf; path = ../src/assets/fonts/FontAwesome5_Solid.ttf; sourceTree = "<group>"; };
		A7F57B6AD42D4A4DA49B993C /* Foundation.ttf */ = {isa = PBXFileReference; explicitFileType = undefined; fileEncoding = 9; includeInIndex = 0; lastKnownFileType = unknown; name = Foundation.ttf; path = ../src/assets/fonts/Foundation.ttf; sourceTree = "<group>"; };
		ADBAC4C7C19D44B9B4A446A3 /* Poppins-Italic.ttf */ = {isa = PBXFileReference; explicitFileType = undefined; fileEncoding = 9; includeInIndex = 0; lastKnownFileType = unknown; name = "Poppins-Italic.ttf"; path = "../src/assets/fonts/Poppins-Italic.ttf"; sourceTree = "<group>"; };
		B03E4BF2B76D4C9BB277B9DA /* Poppins-ThinItalic.ttf */ = {isa = PBXFileReference; explicitFileType = undefined; fileEncoding = 9; includeInIndex = 0; lastKnownFileType = unknown; name = "Poppins-ThinItalic.ttf"; path = "../src/assets/fonts/Poppins-ThinItalic.ttf"; sourceTree = "<group>"; };
		B89E28E9B60C496FA90792C6 /* EvilIcons.ttf */ = {isa = PBXFileReference; explicitFileType = undefined; fileEncoding = 9; includeInIndex = 0; lastKnownFileType = unknown; name = EvilIcons.ttf; path = ../src/assets/fonts/EvilIcons.ttf; sourceTree = "<group>"; };
		BCA04E6D1DC347C5A2C4BD24 /* Poppins-Bold.ttf */ = {isa = PBXFileReference; explicitFileType = undefined; fileEncoding = 9; includeInIndex = 0; lastKnownFileType = unknown; name = "Poppins-Bold.ttf"; path = "../src/assets/fonts/Poppins-Bold.ttf"; sourceTree = "<group>"; };
		BDC94EEF759B46948221BFD4 /* Roboto-BoldItalic.ttf */ = {isa = PBXFileReference; explicitFileType = undefined; fileEncoding = 9; includeInIndex = 0; lastKnownFileType = unknown; name = "Roboto-BoldItalic.ttf"; path = "../src/assets/fonts/Roboto-BoldItalic.ttf"; sourceTree = "<group>"; };
		C28FCCA9EC6340ECB437E301 /* FontAwesome5_Brands.ttf */ = {isa = PBXFileReference; explicitFileType = undefined; fileEncoding = 9; includeInIndex = 0; lastKnownFileType = unknown; name = FontAwesome5_Brands.ttf; path = ../src/assets/fonts/FontAwesome5_Brands.ttf; sourceTree = "<group>"; };
		CC282B0EA20846FB9660A4DA /* Poppins-ExtraBoldItalic.ttf */ = {isa = PBXFileReference; explicitFileType = undefined; fileEncoding = 9; includeInIndex = 0; lastKnownFileType = unknown; name = "Poppins-ExtraBoldItalic.ttf"; path = "../src/assets/fonts/Poppins-ExtraBoldItalic.ttf"; sourceTree = "<group>"; };
		D176929338F24D8B767A370C /* libPods-TrendTaxi-TrendTaxiTests.a */ = {isa = PBXFileReference; explicitFileType = archive.ar; includeInIndex = 0; path = "libPods-TrendTaxi-TrendTaxiTests.a"; sourceTree = BUILT_PRODUCTS_DIR; };
		D8ABC00A69C44F95824A6CF8 /* Poppins-LightItalic.ttf */ = {isa = PBXFileReference; explicitFileType = undefined; fileEncoding = 9; includeInIndex = 0; lastKnownFileType = unknown; name = "Poppins-LightItalic.ttf"; path = "../src/assets/fonts/Poppins-LightItalic.ttf"; sourceTree = "<group>"; };
		D9AA112160EF41D294D193B7 /* Poppins-Medium.ttf */ = {isa = PBXFileReference; explicitFileType = undefined; fileEncoding = 9; includeInIndex = 0; lastKnownFileType = unknown; name = "Poppins-Medium.ttf"; path = "../src/assets/fonts/Poppins-Medium.ttf"; sourceTree = "<group>"; };
		DA4AD34AB5CA4B6485BB32E9 /* FontAwesome5_Regular.ttf */ = {isa = PBXFileReference; explicitFileType = undefined; fileEncoding = 9; includeInIndex = 0; lastKnownFileType = unknown; name = FontAwesome5_Regular.ttf; path = ../src/assets/fonts/FontAwesome5_Regular.ttf; sourceTree = "<group>"; };
		DA6475DB1F4B4AB787097641 /* Roboto-MediumItalic.ttf */ = {isa = PBXFileReference; explicitFileType = undefined; fileEncoding = 9; includeInIndex = 0; lastKnownFileType = unknown; name = "Roboto-MediumItalic.ttf"; path = "../src/assets/fonts/Roboto-MediumItalic.ttf"; sourceTree = "<group>"; };
		E11B4D937F97CA5C7E0515B0 /* Pods-TrendTaxi.release.xcconfig */ = {isa = PBXFileReference; includeInIndex = 1; lastKnownFileType = text.xcconfig; name = "Pods-TrendTaxi.release.xcconfig"; path = "Target Support Files/Pods-TrendTaxi/Pods-TrendTaxi.release.xcconfig"; sourceTree = "<group>"; };
		ED297162215061F000B7C4FE /* JavaScriptCore.framework */ = {isa = PBXFileReference; lastKnownFileType = wrapper.framework; name = JavaScriptCore.framework; path = System/Library/Frameworks/JavaScriptCore.framework; sourceTree = SDKROOT; };
		F3687FC756E84E0D9A883584 /* Roboto-Light.ttf */ = {isa = PBXFileReference; explicitFileType = undefined; fileEncoding = 9; includeInIndex = 0; lastKnownFileType = unknown; name = "Roboto-Light.ttf"; path = "../src/assets/fonts/Roboto-Light.ttf"; sourceTree = "<group>"; };
		F4AB67D1EBD847F0938741D4 /* Roboto-Black.ttf */ = {isa = PBXFileReference; explicitFileType = undefined; fileEncoding = 9; includeInIndex = 0; lastKnownFileType = unknown; name = "Roboto-Black.ttf"; path = "../src/assets/fonts/Roboto-Black.ttf"; sourceTree = "<group>"; };
		F85C02C887044ADA8F3708FE /* AntDesign.ttf */ = {isa = PBXFileReference; explicitFileType = undefined; fileEncoding = 9; includeInIndex = 0; lastKnownFileType = unknown; name = AntDesign.ttf; path = ../src/assets/fonts/AntDesign.ttf; sourceTree = "<group>"; };
/* End PBXFileReference section */

/* Begin PBXFrameworksBuildPhase section */
		00E356EB1AD99517003FC87E /* Frameworks */ = {
			isa = PBXFrameworksBuildPhase;
			buildActionMask = 2147483647;
			files = (
				738D6570A92AAF186E7927A1 /* libPods-TrendTaxi-TrendTaxiTests.a in Frameworks */,
			);
			runOnlyForDeploymentPostprocessing = 0;
		};
		13B07F8C1A680F5B00A75B9A /* Frameworks */ = {
			isa = PBXFrameworksBuildPhase;
			buildActionMask = 2147483647;
			files = (
				7FE1B36C5DFC9CC41A434BA1 /* libPods-TrendTaxi.a in Frameworks */,
			);
			runOnlyForDeploymentPostprocessing = 0;
		};
/* End PBXFrameworksBuildPhase section */

/* Begin PBXGroup section */
		00E356EF1AD99517003FC87E /* TrendTaxiTests */ = {
			isa = PBXGroup;
			children = (
				00E356F21AD99517003FC87E /* TrendTaxiTests.m */,
				00E356F01AD99517003FC87E /* Supporting Files */,
			);
			path = TrendTaxiTests;
			sourceTree = "<group>";
		};
		00E356F01AD99517003FC87E /* Supporting Files */ = {
			isa = PBXGroup;
			children = (
				00E356F11AD99517003FC87E /* Info.plist */,
			);
			name = "Supporting Files";
			sourceTree = "<group>";
		};
		13B07FAE1A68108700A75B9A /* TrendTaxi */ = {
			isa = PBXGroup;
			children = (
				995DB5D728DCBAA00066D32D /* TrendTaxi.entitlements */,
				13B07FAF1A68108700A75B9A /* AppDelegate.h */,
				13B07FB01A68108700A75B9A /* AppDelegate.mm */,
				13B07FB51A68108700A75B9A /* Images.xcassets */,
				9969E5FE286495D500AF23D5 /* Poppins-Black.ttf */,
				13B07FB61A68108700A75B9A /* Info.plist */,
				81AB9BB72411601600AC10FF /* LaunchScreen.storyboard */,
				13B07FB71A68108700A75B9A /* main.m */,
			);
			name = TrendTaxi;
			sourceTree = "<group>";
		};
		1DC1D59B7141422A9C57F025 /* Resources */ = {
			isa = PBXGroup;
			children = (
				F85C02C887044ADA8F3708FE /* AntDesign.ttf */,
				698483CF3EC64A88B8AC51AA /* Entypo.ttf */,
				B89E28E9B60C496FA90792C6 /* EvilIcons.ttf */,
				8A5033B441C14B4CB5A89C78 /* Feather.ttf */,
				4369A9C8126048F08082989E /* FontAwesome.ttf */,
				C28FCCA9EC6340ECB437E301 /* FontAwesome5_Brands.ttf */,
				DA4AD34AB5CA4B6485BB32E9 /* FontAwesome5_Regular.ttf */,
				A7EEC9070D9D4EBF9163C065 /* FontAwesome5_Solid.ttf */,
				6C45A0C1F0874D99A5774C7E /* Fontisto.ttf */,
				A7F57B6AD42D4A4DA49B993C /* Foundation.ttf */,
				9CBD4A51703F47568A66D405 /* Ionicons.ttf */,
				5ECAC89CB635411CB7B5C9E4 /* MaterialCommunityIcons.ttf */,
				8AFFD04D250F44D3A05EA6A3 /* MaterialIcons.ttf */,
				41B4917105FD4781820C4455 /* Octicons.ttf */,
				191C2FD0ECC2494797572C12 /* Poppins-BlackItalic.ttf */,
				BCA04E6D1DC347C5A2C4BD24 /* Poppins-Bold.ttf */,
				86B19981FCF54F43A9624A1B /* Poppins-BoldItalic.ttf */,
				079C18849CA94988BADD1E09 /* Poppins-ExtraBold.ttf */,
				CC282B0EA20846FB9660A4DA /* Poppins-ExtraBoldItalic.ttf */,
				45D55F71A1934DE79272C846 /* Poppins-ExtraLight.ttf */,
				0A7B6DB8B47E44E89018AD9E /* Poppins-ExtraLightItalic.ttf */,
				ADBAC4C7C19D44B9B4A446A3 /* Poppins-Italic.ttf */,
				4DF05F62E62C4494A6E2329B /* Poppins-Light.ttf */,
				D8ABC00A69C44F95824A6CF8 /* Poppins-LightItalic.ttf */,
				D9AA112160EF41D294D193B7 /* Poppins-Medium.ttf */,
				7FCDC414E7FB4F40A328F9E2 /* Poppins-MediumItalic.ttf */,
				7B3EA33C1D5A4B6CA8B64EFE /* Poppins-Regular.ttf */,
				13CB1F39D78B431899846B5A /* Poppins-SemiBold.ttf */,
				5EF0FA847A0E44F7805C222D /* Poppins-SemiBoldItalic.ttf */,
				84D2CB08B20042B396527626 /* Poppins-Thin.ttf */,
				B03E4BF2B76D4C9BB277B9DA /* Poppins-ThinItalic.ttf */,
				F4AB67D1EBD847F0938741D4 /* Roboto-Black.ttf */,
				8AB7FBFDF20B4B54946DDDEB /* Roboto-BlackItalic.ttf */,
				A40E24E5261D42588A228467 /* Roboto-Bold.ttf */,
				BDC94EEF759B46948221BFD4 /* Roboto-BoldItalic.ttf */,
				16227611B02A4167BDD78B72 /* Roboto-Italic.ttf */,
				F3687FC756E84E0D9A883584 /* Roboto-Light.ttf */,
				501FD77235334F9590C765F6 /* Roboto-LightItalic.ttf */,
				85725AFAD6BC409783EC0CB7 /* Roboto-Medium.ttf */,
				DA6475DB1F4B4AB787097641 /* Roboto-MediumItalic.ttf */,
				942B2FB97A17408D9460DCA9 /* Roboto-Regular.ttf */,
				3D9B64CB971F4C488E38419A /* Roboto-Thin.ttf */,
				1896FE747E76407D8F225026 /* Roboto-ThinItalic.ttf */,
				7ED1CB16738A459481FA7048 /* SimpleLineIcons.ttf */,
				43AB2C5AD5E040C4A86AD86E /* Zocial.ttf */,
			);
			name = Resources;
			sourceTree = "<group>";
		};
		2D16E6871FA4F8E400B85C8A /* Frameworks */ = {
			isa = PBXGroup;
			children = (
				9969E5FB2864956900AF23D5 /* Poppins-Black.ttf */,
				ED297162215061F000B7C4FE /* JavaScriptCore.framework */,
				91DC64B69F6AB7CD5782D62E /* libPods-TrendTaxi.a */,
				D176929338F24D8B767A370C /* libPods-TrendTaxi-TrendTaxiTests.a */,
			);
			name = Frameworks;
			sourceTree = "<group>";
		};
		832341AE1AAA6A7D00B99B32 /* Libraries */ = {
			isa = PBXGroup;
			children = (
			);
			name = Libraries;
			sourceTree = "<group>";
		};
		83CBB9F61A601CBA00E9B192 = {
			isa = PBXGroup;
			children = (
				990FB7C528DC624400D00A41 /* GoogleService-Info.plist */,
				993A218328DB99DD00347F72 /* ses-14.mp3 */,
				9949E7A828DB68400022967F /* not2.mp3 */,
				9949E7A628DB4E990022967F /* not.mp3 */,
				13B07FAE1A68108700A75B9A /* TrendTaxi */,
				832341AE1AAA6A7D00B99B32 /* Libraries */,
				00E356EF1AD99517003FC87E /* TrendTaxiTests */,
				83CBBA001A601CBA00E9B192 /* Products */,
				2D16E6871FA4F8E400B85C8A /* Frameworks */,
				BBD78D7AC51CEA395F1C20DB /* Pods */,
				1DC1D59B7141422A9C57F025 /* Resources */,
			);
			indentWidth = 2;
			sourceTree = "<group>";
			tabWidth = 2;
			usesTabs = 0;
		};
		83CBBA001A601CBA00E9B192 /* Products */ = {
			isa = PBXGroup;
			children = (
				13B07F961A680F5B00A75B9A /* TrendTaxi.app */,
				00E356EE1AD99517003FC87E /* TrendTaxiTests.xctest */,
			);
			name = Products;
			sourceTree = "<group>";
		};
		BBD78D7AC51CEA395F1C20DB /* Pods */ = {
			isa = PBXGroup;
			children = (
				611AAC4F7F5468803885F2E0 /* Pods-TrendTaxi.debug.xcconfig */,
				E11B4D937F97CA5C7E0515B0 /* Pods-TrendTaxi.release.xcconfig */,
				7E533A18572E14626D07B26A /* Pods-TrendTaxi-TrendTaxiTests.debug.xcconfig */,
				895D4AC2846B1111AAB31C92 /* Pods-TrendTaxi-TrendTaxiTests.release.xcconfig */,
			);
			path = Pods;
			sourceTree = "<group>";
		};
/* End PBXGroup section */

/* Begin PBXNativeTarget section */
		00E356ED1AD99517003FC87E /* TrendTaxiTests */ = {
			isa = PBXNativeTarget;
			buildConfigurationList = 00E357021AD99517003FC87E /* Build configuration list for PBXNativeTarget "TrendTaxiTests" */;
			buildPhases = (
				842B57C04A4D9DFE55CDB809 /* [CP] Check Pods Manifest.lock */,
				00E356EA1AD99517003FC87E /* Sources */,
				00E356EB1AD99517003FC87E /* Frameworks */,
				00E356EC1AD99517003FC87E /* Resources */,
				C1F037A68DA6159B33ADA45A /* [CP] Embed Pods Frameworks */,
				A71F181AF1E8D6C3E1ECAEEB /* [CP] Copy Pods Resources */,
			);
			buildRules = (
			);
			dependencies = (
				00E356F51AD99517003FC87E /* PBXTargetDependency */,
			);
			name = TrendTaxiTests;
			productName = TrendTaxiTests;
			productReference = 00E356EE1AD99517003FC87E /* TrendTaxiTests.xctest */;
			productType = "com.apple.product-type.bundle.unit-test";
		};
		13B07F861A680F5B00A75B9A /* TrendTaxi */ = {
			isa = PBXNativeTarget;
			buildConfigurationList = 13B07F931A680F5B00A75B9A /* Build configuration list for PBXNativeTarget "TrendTaxi" */;
			buildPhases = (
				7F5C34AAEB4A3A36E122ADE3 /* [CP] Check Pods Manifest.lock */,
				FD10A7F022414F080027D42C /* Start Packager */,
				13B07F871A680F5B00A75B9A /* Sources */,
				13B07F8C1A680F5B00A75B9A /* Frameworks */,
				13B07F8E1A680F5B00A75B9A /* Resources */,
				00DD1BFF1BD5951E006B06BC /* Bundle React Native code and images */,
				BBCCFC62754D49495F3B5950 /* [CP] Embed Pods Frameworks */,
				E9F6185F461E68FEF825C7FA /* [CP] Copy Pods Resources */,
			);
			buildRules = (
			);
			dependencies = (
			);
			name = TrendTaxi;
			productName = TrendTaxi;
			productReference = 13B07F961A680F5B00A75B9A /* TrendTaxi.app */;
			productType = "com.apple.product-type.application";
		};
/* End PBXNativeTarget section */

/* Begin PBXProject section */
		83CBB9F71A601CBA00E9B192 /* Project object */ = {
			isa = PBXProject;
			attributes = {
				LastUpgradeCheck = 1210;
				TargetAttributes = {
					00E356ED1AD99517003FC87E = {
						CreatedOnToolsVersion = 6.2;
						LastSwiftMigration = 1310;
						TestTargetID = 13B07F861A680F5B00A75B9A;
					};
					13B07F861A680F5B00A75B9A = {
						LastSwiftMigration = 1310;
					};
				};
			};
			buildConfigurationList = 83CBB9FA1A601CBA00E9B192 /* Build configuration list for PBXProject "TrendTaxi" */;
			compatibilityVersion = "Xcode 12.0";
			developmentRegion = en;
			hasScannedForEncodings = 0;
			knownRegions = (
				en,
				Base,
			);
			mainGroup = 83CBB9F61A601CBA00E9B192;
			productRefGroup = 83CBBA001A601CBA00E9B192 /* Products */;
			projectDirPath = "";
			projectRoot = "";
			targets = (
				13B07F861A680F5B00A75B9A /* TrendTaxi */,
				00E356ED1AD99517003FC87E /* TrendTaxiTests */,
			);
		};
/* End PBXProject section */

/* Begin PBXResourcesBuildPhase section */
		00E356EC1AD99517003FC87E /* Resources */ = {
			isa = PBXResourcesBuildPhase;
			buildActionMask = 2147483647;
			files = (
				990FB7C728DC624400D00A41 /* GoogleService-Info.plist in Resources */,
			);
			runOnlyForDeploymentPostprocessing = 0;
		};
		13B07F8E1A680F5B00A75B9A /* Resources */ = {
			isa = PBXResourcesBuildPhase;
			buildActionMask = 2147483647;
			files = (
				9969E5FF286495D500AF23D5 /* Poppins-Black.ttf in Resources */,
				81AB9BB82411601600AC10FF /* LaunchScreen.storyboard in Resources */,
				13B07FBF1A68108700A75B9A /* Images.xcassets in Resources */,
				ED411228B1CE4091906223B3 /* AntDesign.ttf in Resources */,
				C933FE7317014D61B3FA5BB7 /* Entypo.ttf in Resources */,
				AA537094929F44D2B30FCF4C /* EvilIcons.ttf in Resources */,
				C8E18585143640A1A825AB89 /* Feather.ttf in Resources */,
				253E994767F147588DEBD2A3 /* FontAwesome.ttf in Resources */,
				D70319C821CE469D941535A5 /* FontAwesome5_Brands.ttf in Resources */,
				4356307A6F334F77AD07515F /* FontAwesome5_Regular.ttf in Resources */,
				D2806A7056B049E38C556ADA /* FontAwesome5_Solid.ttf in Resources */,
				990FB7C628DC624400D00A41 /* GoogleService-Info.plist in Resources */,
				CCD47C437ED746E9935BEE5F /* Fontisto.ttf in Resources */,
				020CDE8049FA4AECA89EAD33 /* Foundation.ttf in Resources */,
				014FBC12421D4C9FBA5E92FE /* Ionicons.ttf in Resources */,
				D34C962F22FD4C1F8D39AF99 /* MaterialCommunityIcons.ttf in Resources */,
				F8BABB3C1D1543139E48729A /* MaterialIcons.ttf in Resources */,
				BD9B0E2FB6AF40A1AE516859 /* Octicons.ttf in Resources */,
				AEF46F4FD14140AFBBF042A2 /* Poppins-BlackItalic.ttf in Resources */,
				9949E7A728DB4E990022967F /* not.mp3 in Resources */,
				037CDB657EE946ADAB0938FF /* Poppins-Bold.ttf in Resources */,
				2572CC3CF206400FA3DC1AE5 /* Poppins-BoldItalic.ttf in Resources */,
				DFF0B74867D6448FBDAB1A59 /* Poppins-ExtraBold.ttf in Resources */,
				03903F422EC14C6D943EB48C /* Poppins-ExtraBoldItalic.ttf in Resources */,
				F9447EF3D40744178E7C83C0 /* Poppins-ExtraLight.ttf in Resources */,
				210DD491DF5B4650AFB55EE2 /* Poppins-ExtraLightItalic.ttf in Resources */,
				EC165B096B52411B860E54C4 /* Poppins-Italic.ttf in Resources */,
				2B4C69F136484849BA035034 /* Poppins-Light.ttf in Resources */,
				442ADF45C2C24E98A16A51C8 /* Poppins-LightItalic.ttf in Resources */,
				FFFE7ED4BABF46A6B1122CE2 /* Poppins-Medium.ttf in Resources */,
				9949E7A928DB68410022967F /* not2.mp3 in Resources */,
				60F5F4074D4A4897BFCB35D6 /* Poppins-MediumItalic.ttf in Resources */,
				5D1659516E11454F96DAAC83 /* Poppins-Regular.ttf in Resources */,
				A9B361437AB04098925E3789 /* Poppins-SemiBold.ttf in Resources */,
				43FEA8620F5A491AA0DDD1A8 /* Poppins-SemiBoldItalic.ttf in Resources */,
				7163D41A76C14206AA15864D /* Poppins-Thin.ttf in Resources */,
				600BDAD2E78E4B34BC78D387 /* Poppins-ThinItalic.ttf in Resources */,
				FCC09A56F2CE42B6884759D6 /* Roboto-Black.ttf in Resources */,
				D88741614C934F92AFA503CE /* Roboto-BlackItalic.ttf in Resources */,
				44EC76CED9374757AF5D3304 /* Roboto-Bold.ttf in Resources */,
				90F2B3AC623C4F4DB2882D60 /* Roboto-BoldItalic.ttf in Resources */,
				95ACA58A57604F89A7CFBB55 /* Roboto-Italic.ttf in Resources */,
				993A218428DB99DD00347F72 /* ses-14.mp3 in Resources */,
				49AA6D7F8DB647559D80E23D /* Roboto-Light.ttf in Resources */,
				4114E768DCCA49DB828A93FE /* Roboto-LightItalic.ttf in Resources */,
				40B80A7520DB4F62ACC2202A /* Roboto-Medium.ttf in Resources */,
				8C800139511646C4A1A4B9D3 /* Roboto-MediumItalic.ttf in Resources */,
				98F467B0DC9A44349ABA9257 /* Roboto-Regular.ttf in Resources */,
				22E42C7521114B019A8700BF /* Roboto-Thin.ttf in Resources */,
				F668530E6885434799F583CB /* Roboto-ThinItalic.ttf in Resources */,
				51B54173338749A4A755400C /* SimpleLineIcons.ttf in Resources */,
				55D18D54312E4BED885330BA /* Zocial.ttf in Resources */,
			);
			runOnlyForDeploymentPostprocessing = 0;
		};
/* End PBXResourcesBuildPhase section */

/* Begin PBXShellScriptBuildPhase section */
		00DD1BFF1BD5951E006B06BC /* Bundle React Native code and images */ = {
			isa = PBXShellScriptBuildPhase;
			buildActionMask = 12;
			files = (
			);
			inputPaths = (
			);
			name = "Bundle React Native code and images";
			outputPaths = (
			);
			runOnlyForDeploymentPostprocessing = 0;
			shellPath = /bin/sh;
			shellScript = "set -e\n\nexport NODE_BINARY=node\n../node_modules/react-native/scripts/react-native-xcode.sh\n";
			showEnvVarsInLog = 0;
		};
		7F5C34AAEB4A3A36E122ADE3 /* [CP] Check Pods Manifest.lock */ = {
			isa = PBXShellScriptBuildPhase;
			buildActionMask = 2147483647;
			files = (
			);
			inputFileListPaths = (
			);
			inputPaths = (
				"${PODS_PODFILE_DIR_PATH}/Podfile.lock",
				"${PODS_ROOT}/Manifest.lock",
			);
			name = "[CP] Check Pods Manifest.lock";
			outputFileListPaths = (
			);
			outputPaths = (
				"$(DERIVED_FILE_DIR)/Pods-TrendTaxi-checkManifestLockResult.txt",
			);
			runOnlyForDeploymentPostprocessing = 0;
			shellPath = /bin/sh;
			shellScript = "diff \"${PODS_PODFILE_DIR_PATH}/Podfile.lock\" \"${PODS_ROOT}/Manifest.lock\" > /dev/null\nif [ $? != 0 ] ; then\n    # print error to STDERR\n    echo \"error: The sandbox is not in sync with the Podfile.lock. Run 'pod install' or update your CocoaPods installation.\" >&2\n    exit 1\nfi\n# This output is used by Xcode 'outputs' to avoid re-running this script phase.\necho \"SUCCESS\" > \"${SCRIPT_OUTPUT_FILE_0}\"\n";
			showEnvVarsInLog = 0;
		};
		842B57C04A4D9DFE55CDB809 /* [CP] Check Pods Manifest.lock */ = {
			isa = PBXShellScriptBuildPhase;
			buildActionMask = 2147483647;
			files = (
			);
			inputFileListPaths = (
			);
			inputPaths = (
				"${PODS_PODFILE_DIR_PATH}/Podfile.lock",
				"${PODS_ROOT}/Manifest.lock",
			);
			name = "[CP] Check Pods Manifest.lock";
			outputFileListPaths = (
			);
			outputPaths = (
				"$(DERIVED_FILE_DIR)/Pods-TrendTaxi-TrendTaxiTests-checkManifestLockResult.txt",
			);
			runOnlyForDeploymentPostprocessing = 0;
			shellPath = /bin/sh;
			shellScript = "diff \"${PODS_PODFILE_DIR_PATH}/Podfile.lock\" \"${PODS_ROOT}/Manifest.lock\" > /dev/null\nif [ $? != 0 ] ; then\n    # print error to STDERR\n    echo \"error: The sandbox is not in sync with the Podfile.lock. Run 'pod install' or update your CocoaPods installation.\" >&2\n    exit 1\nfi\n# This output is used by Xcode 'outputs' to avoid re-running this script phase.\necho \"SUCCESS\" > \"${SCRIPT_OUTPUT_FILE_0}\"\n";
			showEnvVarsInLog = 0;
		};
		A71F181AF1E8D6C3E1ECAEEB /* [CP] Copy Pods Resources */ = {
			isa = PBXShellScriptBuildPhase;
			buildActionMask = 2147483647;
			files = (
			);
			inputFileListPaths = (
				"${PODS_ROOT}/Target Support Files/Pods-TrendTaxi-TrendTaxiTests/Pods-TrendTaxi-TrendTaxiTests-resources-${CONFIGURATION}-input-files.xcfilelist",
			);
			name = "[CP] Copy Pods Resources";
			outputFileListPaths = (
				"${PODS_ROOT}/Target Support Files/Pods-TrendTaxi-TrendTaxiTests/Pods-TrendTaxi-TrendTaxiTests-resources-${CONFIGURATION}-output-files.xcfilelist",
			);
			runOnlyForDeploymentPostprocessing = 0;
			shellPath = /bin/sh;
			shellScript = "\"${PODS_ROOT}/Target Support Files/Pods-TrendTaxi-TrendTaxiTests/Pods-TrendTaxi-TrendTaxiTests-resources.sh\"\n";
			showEnvVarsInLog = 0;
		};
		BBCCFC62754D49495F3B5950 /* [CP] Embed Pods Frameworks */ = {
			isa = PBXShellScriptBuildPhase;
			buildActionMask = 2147483647;
			files = (
			);
			inputFileListPaths = (
				"${PODS_ROOT}/Target Support Files/Pods-TrendTaxi/Pods-TrendTaxi-frameworks-${CONFIGURATION}-input-files.xcfilelist",
			);
			name = "[CP] Embed Pods Frameworks";
			outputFileListPaths = (
				"${PODS_ROOT}/Target Support Files/Pods-TrendTaxi/Pods-TrendTaxi-frameworks-${CONFIGURATION}-output-files.xcfilelist",
			);
			runOnlyForDeploymentPostprocessing = 0;
			shellPath = /bin/sh;
			shellScript = "\"${PODS_ROOT}/Target Support Files/Pods-TrendTaxi/Pods-TrendTaxi-frameworks.sh\"\n";
			showEnvVarsInLog = 0;
		};
		C1F037A68DA6159B33ADA45A /* [CP] Embed Pods Frameworks */ = {
			isa = PBXShellScriptBuildPhase;
			buildActionMask = 2147483647;
			files = (
			);
			inputFileListPaths = (
				"${PODS_ROOT}/Target Support Files/Pods-TrendTaxi-TrendTaxiTests/Pods-TrendTaxi-TrendTaxiTests-frameworks-${CONFIGURATION}-input-files.xcfilelist",
			);
			name = "[CP] Embed Pods Frameworks";
			outputFileListPaths = (
				"${PODS_ROOT}/Target Support Files/Pods-TrendTaxi-TrendTaxiTests/Pods-TrendTaxi-TrendTaxiTests-frameworks-${CONFIGURATION}-output-files.xcfilelist",
			);
			runOnlyForDeploymentPostprocessing = 0;
			shellPath = /bin/sh;
			shellScript = "\"${PODS_ROOT}/Target Support Files/Pods-TrendTaxi-TrendTaxiTests/Pods-TrendTaxi-TrendTaxiTests-frameworks.sh\"\n";
			showEnvVarsInLog = 0;
		};
		E9F6185F461E68FEF825C7FA /* [CP] Copy Pods Resources */ = {
			isa = PBXShellScriptBuildPhase;
			buildActionMask = 2147483647;
			files = (
			);
			inputFileListPaths = (
				"${PODS_ROOT}/Target Support Files/Pods-TrendTaxi/Pods-TrendTaxi-resources-${CONFIGURATION}-input-files.xcfilelist",
			);
			name = "[CP] Copy Pods Resources";
			outputFileListPaths = (
				"",
			);
			runOnlyForDeploymentPostprocessing = 0;
			shellPath = /bin/sh;
			shellScript = "\"${PODS_ROOT}/Target Support Files/Pods-TrendTaxi/Pods-TrendTaxi-resources.sh\"\n";
			showEnvVarsInLog = 0;
		};
		FD10A7F022414F080027D42C /* Start Packager */ = {
			isa = PBXShellScriptBuildPhase;
			buildActionMask = 2147483647;
			files = (
			);
			inputFileListPaths = (
			);
			inputPaths = (
			);
			name = "Start Packager";
			outputFileListPaths = (
			);
			outputPaths = (
			);
			runOnlyForDeploymentPostprocessing = 0;
			shellPath = /bin/sh;
			shellScript = "export RCT_METRO_PORT=\"${RCT_METRO_PORT:=8081}\"\necho \"export RCT_METRO_PORT=${RCT_METRO_PORT}\" > \"${SRCROOT}/../node_modules/react-native/scripts/.packager.env\"\nif [ -z \"${RCT_NO_LAUNCH_PACKAGER+xxx}\" ] ; then\n  if nc -w 5 -z localhost ${RCT_METRO_PORT} ; then\n    if ! curl -s \"http://localhost:${RCT_METRO_PORT}/status\" | grep -q \"packager-status:running\" ; then\n      echo \"Port ${RCT_METRO_PORT} already in use, packager is either not running or not running correctly\"\n      exit 2\n    fi\n  else\n    open \"$SRCROOT/../node_modules/react-native/scripts/launchPackager.command\" || echo \"Can't start packager automatically\"\n  fi\nfi\n";
			showEnvVarsInLog = 0;
		};
/* End PBXShellScriptBuildPhase section */

/* Begin PBXSourcesBuildPhase section */
		00E356EA1AD99517003FC87E /* Sources */ = {
			isa = PBXSourcesBuildPhase;
			buildActionMask = 2147483647;
			files = (
				00E356F31AD99517003FC87E /* TrendTaxiTests.m in Sources */,
			);
			runOnlyForDeploymentPostprocessing = 0;
		};
		13B07F871A680F5B00A75B9A /* Sources */ = {
			isa = PBXSourcesBuildPhase;
			buildActionMask = 2147483647;
			files = (
				13B07FBC1A68108700A75B9A /* AppDelegate.mm in Sources */,
				13B07FC11A68108700A75B9A /* main.m in Sources */,
			);
			runOnlyForDeploymentPostprocessing = 0;
		};
/* End PBXSourcesBuildPhase section */

/* Begin PBXTargetDependency section */
		00E356F51AD99517003FC87E /* PBXTargetDependency */ = {
			isa = PBXTargetDependency;
			target = 13B07F861A680F5B00A75B9A /* TrendTaxi */;
			targetProxy = 00E356F41AD99517003FC87E /* PBXContainerItemProxy */;
		};
/* End PBXTargetDependency section */

/* Begin XCBuildConfiguration section */
		00E356F61AD99517003FC87E /* Debug */ = {
			isa = XCBuildConfiguration;
			baseConfigurationReference = 7E533A18572E14626D07B26A /* Pods-TrendTaxi-TrendTaxiTests.debug.xcconfig */;
			buildSettings = {
				BUNDLE_LOADER = "$(TEST_HOST)";
				CLANG_ENABLE_MODULES = YES;
				GCC_PREPROCESSOR_DEFINITIONS = (
					"DEBUG=1",
					"$(inherited)",
				);
				INFOPLIST_FILE = TrendTaxiTests/Info.plist;
				IPHONEOS_DEPLOYMENT_TARGET = 11.0;
				LD_RUNPATH_SEARCH_PATHS = (
					"$(inherited)",
					"@executable_path/Frameworks",
					"@loader_path/Frameworks",
				);
				OTHER_LDFLAGS = (
					"-ObjC",
					"-lc++",
					"$(inherited)",
				);
				PRODUCT_BUNDLE_IDENTIFIER = "org.reactjs.native.example.$(PRODUCT_NAME:rfc1034identifier)";
				PRODUCT_NAME = "$(TARGET_NAME)";
				SWIFT_OBJC_BRIDGING_HEADER = "TrendTaxiTests-Bridging-Header.h";
				SWIFT_OPTIMIZATION_LEVEL = "-Onone";
				SWIFT_VERSION = 5.0;
				TEST_HOST = "$(BUILT_PRODUCTS_DIR)/TrendTaxi.app/TrendTaxi";
			};
			name = Debug;
		};
		00E356F71AD99517003FC87E /* Release */ = {
			isa = XCBuildConfiguration;
			baseConfigurationReference = 895D4AC2846B1111AAB31C92 /* Pods-TrendTaxi-TrendTaxiTests.release.xcconfig */;
			buildSettings = {
				BUNDLE_LOADER = "$(TEST_HOST)";
				CLANG_ENABLE_MODULES = YES;
				COPY_PHASE_STRIP = NO;
				INFOPLIST_FILE = TrendTaxiTests/Info.plist;
				IPHONEOS_DEPLOYMENT_TARGET = 11.0;
				LD_RUNPATH_SEARCH_PATHS = (
					"$(inherited)",
					"@executable_path/Frameworks",
					"@loader_path/Frameworks",
				);
				OTHER_LDFLAGS = (
					"-ObjC",
					"-lc++",
					"$(inherited)",
				);
				PRODUCT_BUNDLE_IDENTIFIER = "org.reactjs.native.example.$(PRODUCT_NAME:rfc1034identifier)";
				PRODUCT_NAME = "$(TARGET_NAME)";
				SWIFT_OBJC_BRIDGING_HEADER = "TrendTaxiTests-Bridging-Header.h";
				SWIFT_VERSION = 5.0;
				TEST_HOST = "$(BUILT_PRODUCTS_DIR)/TrendTaxi.app/TrendTaxi";
			};
			name = Release;
		};
		13B07F941A680F5B00A75B9A /* Debug */ = {
			isa = XCBuildConfiguration;
			baseConfigurationReference = 611AAC4F7F5468803885F2E0 /* Pods-TrendTaxi.debug.xcconfig */;
			buildSettings = {
				ASSETCATALOG_COMPILER_APPICON_NAME = AppIcon;
				CLANG_ENABLE_MODULES = YES;
				CODE_SIGN_ENTITLEMENTS = TrendTaxi/TrendTaxi.entitlements;
				CURRENT_PROJECT_VERSION = 48;
				DEVELOPMENT_TEAM = 59RU5858GL;
				ENABLE_BITCODE = NO;
				INFOPLIST_FILE = TrendTaxi/Info.plist;
				IPHONEOS_DEPLOYMENT_TARGET = 11.0;
				LD_RUNPATH_SEARCH_PATHS = (
					"$(inherited)",
					"@executable_path/Frameworks",
				);
				MARKETING_VERSION = 1.6.8;
				OTHER_LDFLAGS = (
					"$(inherited)",
					"-ObjC",
					"-lc++",
				);
				PRODUCT_BUNDLE_IDENTIFIER = org.reactjs.native.example.TrendTaxiApp;
				PRODUCT_NAME = TrendTaxi;
				SWIFT_OBJC_BRIDGING_HEADER = "TrendTaxi-Bridging-Header.h";
				SWIFT_OPTIMIZATION_LEVEL = "-Onone";
				SWIFT_VERSION = 5.0;
				VERSIONING_SYSTEM = "apple-generic";
			};
			name = Debug;
		};
		13B07F951A680F5B00A75B9A /* Release */ = {
			isa = XCBuildConfiguration;
			baseConfigurationReference = E11B4D937F97CA5C7E0515B0 /* Pods-TrendTaxi.release.xcconfig */;
			buildSettings = {
				ASSETCATALOG_COMPILER_APPICON_NAME = AppIcon;
				CLANG_ENABLE_MODULES = YES;
				CODE_SIGN_ENTITLEMENTS = TrendTaxi/TrendTaxi.entitlements;
				CURRENT_PROJECT_VERSION = 48;
				DEVELOPMENT_TEAM = 59RU5858GL;
				INFOPLIST_FILE = TrendTaxi/Info.plist;
				IPHONEOS_DEPLOYMENT_TARGET = 11.0;
				LD_RUNPATH_SEARCH_PATHS = (
					"$(inherited)",
					"@executable_path/Frameworks",
				);
				MARKETING_VERSION = 1.6.8;
				OTHER_LDFLAGS = (
					"$(inherited)",
					"-ObjC",
					"-lc++",
				);
				PRODUCT_BUNDLE_IDENTIFIER = org.reactjs.native.example.TrendTaxiApp;
				PRODUCT_NAME = TrendTaxi;
				SWIFT_OBJC_BRIDGING_HEADER = "TrendTaxi-Bridging-Header.h";
				SWIFT_VERSION = 5.0;
				VERSIONING_SYSTEM = "apple-generic";
			};
			name = Release;
		};
		83CBBA201A601CBA00E9B192 /* Debug */ = {
			isa = XCBuildConfiguration;
			buildSettings = {
				ALWAYS_SEARCH_USER_PATHS = NO;
				CLANG_ANALYZER_LOCALIZABILITY_NONLOCALIZED = YES;
				CLANG_CXX_LANGUAGE_STANDARD = "c++17";
				CLANG_CXX_LIBRARY = "libc++";
				CLANG_ENABLE_MODULES = YES;
				CLANG_ENABLE_OBJC_ARC = YES;
				CLANG_WARN_BLOCK_CAPTURE_AUTORELEASING = YES;
				CLANG_WARN_BOOL_CONVERSION = YES;
				CLANG_WARN_COMMA = YES;
				CLANG_WARN_CONSTANT_CONVERSION = YES;
				CLANG_WARN_DEPRECATED_OBJC_IMPLEMENTATIONS = YES;
				CLANG_WARN_DIRECT_OBJC_ISA_USAGE = YES_ERROR;
				CLANG_WARN_EMPTY_BODY = YES;
				CLANG_WARN_ENUM_CONVERSION = YES;
				CLANG_WARN_INFINITE_RECURSION = YES;
				CLANG_WARN_INT_CONVERSION = YES;
				CLANG_WARN_NON_LITERAL_NULL_CONVERSION = YES;
				CLANG_WARN_OBJC_IMPLICIT_RETAIN_SELF = YES;
				CLANG_WARN_OBJC_LITERAL_CONVERSION = YES;
				CLANG_WARN_OBJC_ROOT_CLASS = YES_ERROR;
				CLANG_WARN_QUOTED_INCLUDE_IN_FRAMEWORK_HEADER = YES;
				CLANG_WARN_RANGE_LOOP_ANALYSIS = YES;
				CLANG_WARN_STRICT_PROTOTYPES = YES;
				CLANG_WARN_SUSPICIOUS_MOVE = YES;
				CLANG_WARN_UNREACHABLE_CODE = YES;
				CLANG_WARN__DUPLICATE_METHOD_MATCH = YES;
				"CODE_SIGN_IDENTITY[sdk=iphoneos*]" = "iPhone Developer";
				COPY_PHASE_STRIP = NO;
				ENABLE_STRICT_OBJC_MSGSEND = YES;
				ENABLE_TESTABILITY = YES;
				"EXCLUDED_ARCHS[sdk=iphonesimulator*]" = "";
				GCC_C_LANGUAGE_STANDARD = gnu99;
				GCC_DYNAMIC_NO_PIC = NO;
				GCC_NO_COMMON_BLOCKS = YES;
				GCC_OPTIMIZATION_LEVEL = 0;
				GCC_PREPROCESSOR_DEFINITIONS = (
					"DEBUG=1",
					"$(inherited)",
				);
				GCC_SYMBOLS_PRIVATE_EXTERN = NO;
				GCC_WARN_64_TO_32_BIT_CONVERSION = YES;
				GCC_WARN_ABOUT_RETURN_TYPE = YES_ERROR;
				GCC_WARN_UNDECLARED_SELECTOR = YES;
				GCC_WARN_UNINITIALIZED_AUTOS = YES_AGGRESSIVE;
				GCC_WARN_UNUSED_FUNCTION = YES;
				GCC_WARN_UNUSED_VARIABLE = YES;
				IPHONEOS_DEPLOYMENT_TARGET = 11.0;
				LD_RUNPATH_SEARCH_PATHS = (
					/usr/lib/swift,
					"$(inherited)",
				);
				LIBRARY_SEARCH_PATHS = (
					"\"$(SDKROOT)/usr/lib/swift\"",
					"\"$(TOOLCHAIN_DIR)/usr/lib/swift/$(PLATFORM_NAME)\"",
					"\"$(inherited)\"",
				);
				MTL_ENABLE_DEBUG_INFO = YES;
				ONLY_ACTIVE_ARCH = YES;
				OTHER_CPLUSPLUSFLAGS = (
					"$(OTHER_CFLAGS)",
					"-DFOLLY_NO_CONFIG",
					"-DFOLLY_MOBILE=1",
					"-DFOLLY_USE_LIBCPP=1",
				);
				SDKROOT = iphoneos;
			};
			name = Debug;
		};
		83CBBA211A601CBA00E9B192 /* Release */ = {
			isa = XCBuildConfiguration;
			buildSettings = {
				ALWAYS_SEARCH_USER_PATHS = NO;
				CLANG_ANALYZER_LOCALIZABILITY_NONLOCALIZED = YES;
				CLANG_CXX_LANGUAGE_STANDARD = "c++17";
				CLANG_CXX_LIBRARY = "libc++";
				CLANG_ENABLE_MODULES = YES;
				CLANG_ENABLE_OBJC_ARC = YES;
				CLANG_WARN_BLOCK_CAPTURE_AUTORELEASING = YES;
				CLANG_WARN_BOOL_CONVERSION = YES;
				CLANG_WARN_COMMA = YES;
				CLANG_WARN_CONSTANT_CONVERSION = YES;
				CLANG_WARN_DEPRECATED_OBJC_IMPLEMENTATIONS = YES;
				CLANG_WARN_DIRECT_OBJC_ISA_USAGE = YES_ERROR;
				CLANG_WARN_EMPTY_BODY = YES;
				CLANG_WARN_ENUM_CONVERSION = YES;
				CLANG_WARN_INFINITE_RECURSION = YES;
				CLANG_WARN_INT_CONVERSION = YES;
				CLANG_WARN_NON_LITERAL_NULL_CONVERSION = YES;
				CLANG_WARN_OBJC_IMPLICIT_RETAIN_SELF = YES;
				CLANG_WARN_OBJC_LITERAL_CONVERSION = YES;
				CLANG_WARN_OBJC_ROOT_CLASS = YES_ERROR;
				CLANG_WARN_QUOTED_INCLUDE_IN_FRAMEWORK_HEADER = YES;
				CLANG_WARN_RANGE_LOOP_ANALYSIS = YES;
				CLANG_WARN_STRICT_PROTOTYPES = YES;
				CLANG_WARN_SUSPICIOUS_MOVE = YES;
				CLANG_WARN_UNREACHABLE_CODE = YES;
				CLANG_WARN__DUPLICATE_METHOD_MATCH = YES;
				"CODE_SIGN_IDENTITY[sdk=iphoneos*]" = "iPhone Developer";
				COPY_PHASE_STRIP = YES;
				ENABLE_NS_ASSERTIONS = NO;
				ENABLE_STRICT_OBJC_MSGSEND = YES;
				"EXCLUDED_ARCHS[sdk=iphonesimulator*]" = "";
				GCC_C_LANGUAGE_STANDARD = gnu99;
				GCC_NO_COMMON_BLOCKS = YES;
				GCC_WARN_64_TO_32_BIT_CONVERSION = YES;
				GCC_WARN_ABOUT_RETURN_TYPE = YES_ERROR;
				GCC_WARN_UNDECLARED_SELECTOR = YES;
				GCC_WARN_UNINITIALIZED_AUTOS = YES_AGGRESSIVE;
				GCC_WARN_UNUSED_FUNCTION = YES;
				GCC_WARN_UNUSED_VARIABLE = YES;
				IPHONEOS_DEPLOYMENT_TARGET = 11.0;
				LD_RUNPATH_SEARCH_PATHS = (
					/usr/lib/swift,
					"$(inherited)",
				);
				LIBRARY_SEARCH_PATHS = (
					"\"$(SDKROOT)/usr/lib/swift\"",
					"\"$(TOOLCHAIN_DIR)/usr/lib/swift/$(PLATFORM_NAME)\"",
					"\"$(inherited)\"",
				);
				MTL_ENABLE_DEBUG_INFO = NO;
				OTHER_CPLUSPLUSFLAGS = (
					"$(OTHER_CFLAGS)",
					"-DFOLLY_NO_CONFIG",
					"-DFOLLY_MOBILE=1",
					"-DFOLLY_USE_LIBCPP=1",
				);
				SDKROOT = iphoneos;
				VALIDATE_PRODUCT = YES;
			};
			name = Release;
		};
/* End XCBuildConfiguration section */

/* Begin XCConfigurationList section */
		00E357021AD99517003FC87E /* Build configuration list for PBXNativeTarget "TrendTaxiTests" */ = {
			isa = XCConfigurationList;
			buildConfigurations = (
				00E356F61AD99517003FC87E /* Debug */,
				00E356F71AD99517003FC87E /* Release */,
			);
			defaultConfigurationIsVisible = 0;
			defaultConfigurationName = Release;
		};
		13B07F931A680F5B00A75B9A /* Build configuration list for PBXNativeTarget "TrendTaxi" */ = {
			isa = XCConfigurationList;
			buildConfigurations = (
				13B07F941A680F5B00A75B9A /* Debug */,
				13B07F951A680F5B00A75B9A /* Release */,
			);
			defaultConfigurationIsVisible = 0;
			defaultConfigurationName = Release;
		};
		83CBB9FA1A601CBA00E9B192 /* Build configuration list for PBXProject "TrendTaxi" */ = {
			isa = XCConfigurationList;
			buildConfigurations = (
				83CBBA201A601CBA00E9B192 /* Debug */,
				83CBBA211A601CBA00E9B192 /* Release */,
			);
			defaultConfigurationIsVisible = 0;
			defaultConfigurationName = Release;
		};
/* End XCConfigurationList section */
	};
	rootObject = 83CBB9F71A601CBA00E9B192 /* Project object */;
}
